
Microsoft Visual Studio Solution File, Format Version 12.00
# Visual Studio Version 17
VisualStudioVersion = 17.13.35931.197 d17.13
MinimumVisualStudioVersion = 10.0.40219.1
Project("{FAE04EC0-301F-11D3-BF4B-00C04F79EFBC}") = "SubclassesTrackerExtension", "SubclassesTrackerExtension.csproj", "{537F1E69-56CE-4D49-9CAC-D48E4233DD47}"
EndProject
Global
	GlobalSection(SolutionConfigurationPlatforms) = preSolution
		Debug|Any CPU = Debug|Any CPU
		Release|Any CPU = Release|Any CPU
	EndGlobalSection
	GlobalSection(ProjectConfigurationPlatforms) = postSolution
		{537F1E69-56CE-4D49-9CAC-D48E4233DD47}.Debug|Any CPU.ActiveCfg = Debug|Any CPU
		{537F1E69-56CE-4D49-9CAC-D48E4233DD47}.Debug|Any CPU.Build.0 = Debug|Any CPU
		{537F1E69-56CE-4D49-9CAC-D48E4233DD47}.Release|Any CPU.ActiveCfg = Release|Any CPU
		{537F1E69-56CE-4D49-9CAC-D48E4233DD47}.Release|Any CPU.Build.0 = Release|Any CPU
	EndGlobalSection
	GlobalSection(SolutionProperties) = preSolution
		HideSolutionNode = FALSE
	EndGlobalSection
	GlobalSection(ExtensibilityGlobals) = postSolution
		SolutionGuid = {CFFA64D4-E337-4353-8819-9AC680E0B422}
	EndGlobalSection
EndGlobal
